// !$*UTF8*$!
{
	archiveVersion = 1;
	classes = {
	};
	objectVersion = 55;
	objects = {

/* Begin PBXBuildFile section */
		A44C0AA22B2D3A3E009FA39F /* SwiftUIPraApp.swift in Sources */ = {isa = PBXBuildFile; fileRef = A44C0AA12B2D3A3E009FA39F /* SwiftUIPraApp.swift */; };
		A44C0AA42B2D3A3E009FA39F /* ContentView.swift in Sources */ = {isa = PBXBuildFile; fileRef = A44C0AA32B2D3A3E009FA39F /* ContentView.swift */; };
		A44C0AA62B2D3A41009FA39F /* Assets.xcassets in Resources */ = {isa = PBXBuildFile; fileRef = A44C0AA52B2D3A41009FA39F /* Assets.xcassets */; };
		A44C0AA92B2D3A41009FA39F /* Preview Assets.xcassets in Resources */ = {isa = PBXBuildFile; fileRef = A44C0AA82B2D3A41009FA39F /* Preview Assets.xcassets */; };
		A44C0AB32B2D3A42009FA39F /* SwiftUIPraTests.swift in Sources */ = {isa = PBXBuildFile; fileRef = A44C0AB22B2D3A42009FA39F /* SwiftUIPraTests.swift */; };
		A44C0ABD2B2D3A42009FA39F /* SwiftUIPraUITests.swift in Sources */ = {isa = PBXBuildFile; fileRef = A44C0ABC2B2D3A42009FA39F /* SwiftUIPraUITests.swift */; };
		A44C0ABF2B2D3A42009FA39F /* SwiftUIPraUITestsLaunchTests.swift in Sources */ = {isa = PBXBuildFile; fileRef = A44C0ABE2B2D3A42009FA39F /* SwiftUIPraUITestsLaunchTests.swift */; };
		A44C0ACC2B2D9314009FA39F /* SearchView.swift in Sources */ = {isa = PBXBuildFile; fileRef = A44C0ACB2B2D9314009FA39F /* SearchView.swift */; };
		A4E9DD9A2B54C804008DA0EA /* LoadingViewModifier.swift in Sources */ = {isa = PBXBuildFile; fileRef = A4E9DD992B54C804008DA0EA /* LoadingViewModifier.swift */; };
		A4E9DD9C2B54C8C3008DA0EA /* View+.swift in Sources */ = {isa = PBXBuildFile; fileRef = A4E9DD9B2B54C8C3008DA0EA /* View+.swift */; };
		A4E9DD9F2B54CC5F008DA0EA /* SearchViewModel.swift in Sources */ = {isa = PBXBuildFile; fileRef = A4E9DD9E2B54CC5F008DA0EA /* SearchViewModel.swift */; };
		A4E9DDA12B562169008DA0EA /* SearchBar.swift in Sources */ = {isa = PBXBuildFile; fileRef = A4E9DDA02B562169008DA0EA /* SearchBar.swift */; };
/* End PBXBuildFile section */

/* Begin PBXContainerItemProxy section */
		A44C0AAF2B2D3A42009FA39F /* PBXContainerItemProxy */ = {
			isa = PBXContainerItemProxy;
			containerPortal = A44C0A962B2D3A3E009FA39F /* Project object */;
			proxyType = 1;
			remoteGlobalIDString = A44C0A9D2B2D3A3E009FA39F;
			remoteInfo = SwiftUIPra;
		};
		A44C0AB92B2D3A42009FA39F /* PBXContainerItemProxy */ = {
			isa = PBXContainerItemProxy;
			containerPortal = A44C0A962B2D3A3E009FA39F /* Project object */;
			proxyType = 1;
			remoteGlobalIDString = A44C0A9D2B2D3A3E009FA39F;
			remoteInfo = SwiftUIPra;
		};
/* End PBXContainerItemProxy section */

/* Begin PBXFileReference section */
		A44C0A9E2B2D3A3E009FA39F /* SwiftUIPra.app */ = {isa = PBXFileReference; explicitFileType = wrapper.application; includeInIndex = 0; path = SwiftUIPra.app; sourceTree = BUILT_PRODUCTS_DIR; };
		A44C0AA12B2D3A3E009FA39F /* SwiftUIPraApp.swift */ = {isa = PBXFileReference; lastKnownFileType = sourcecode.swift; path = SwiftUIPraApp.swift; sourceTree = "<group>"; };
		A44C0AA32B2D3A3E009FA39F /* ContentView.swift */ = {isa = PBXFileReference; lastKnownFileType = sourcecode.swift; path = ContentView.swift; sourceTree = "<group>"; };
		A44C0AA52B2D3A41009FA39F /* Assets.xcassets */ = {isa = PBXFileReference; lastKnownFileType = folder.assetcatalog; path = Assets.xcassets; sourceTree = "<group>"; };
		A44C0AA82B2D3A41009FA39F /* Preview Assets.xcassets */ = {isa = PBXFileReference; lastKnownFileType = folder.assetcatalog; path = "Preview Assets.xcassets"; sourceTree = "<group>"; };
		A44C0AAE2B2D3A42009FA39F /* SwiftUIPraTests.xctest */ = {isa = PBXFileReference; explicitFileType = wrapper.cfbundle; includeInIndex = 0; path = SwiftUIPraTests.xctest; sourceTree = BUILT_PRODUCTS_DIR; };
		A44C0AB22B2D3A42009FA39F /* SwiftUIPraTests.swift */ = {isa = PBXFileReference; lastKnownFileType = sourcecode.swift; path = SwiftUIPraTests.swift; sourceTree = "<group>"; };
		A44C0AB82B2D3A42009FA39F /* SwiftUIPraUITests.xctest */ = {isa = PBXFileReference; explicitFileType = wrapper.cfbundle; includeInIndex = 0; path = SwiftUIPraUITests.xctest; sourceTree = BUILT_PRODUCTS_DIR; };
		A44C0ABC2B2D3A42009FA39F /* SwiftUIPraUITests.swift */ = {isa = PBXFileReference; lastKnownFileType = sourcecode.swift; path = SwiftUIPraUITests.swift; sourceTree = "<group>"; };
		A44C0ABE2B2D3A42009FA39F /* SwiftUIPraUITestsLaunchTests.swift */ = {isa = PBXFileReference; lastKnownFileType = sourcecode.swift; path = SwiftUIPraUITestsLaunchTests.swift; sourceTree = "<group>"; };
		A44C0ACB2B2D9314009FA39F /* SearchView.swift */ = {isa = PBXFileReference; lastKnownFileType = sourcecode.swift; path = SearchView.swift; sourceTree = "<group>"; };
		A4CE7B282B2F1BA400C4BB18 /* Info.plist */ = {isa = PBXFileReference; lastKnownFileType = text.plist; path = Info.plist; sourceTree = "<group>"; };
		A4E9DD992B54C804008DA0EA /* LoadingViewModifier.swift */ = {isa = PBXFileReference; lastKnownFileType = sourcecode.swift; path = LoadingViewModifier.swift; sourceTree = "<group>"; };
		A4E9DD9B2B54C8C3008DA0EA /* View+.swift */ = {isa = PBXFileReference; lastKnownFileType = sourcecode.swift; path = "View+.swift"; sourceTree = "<group>"; };
		A4E9DD9E2B54CC5F008DA0EA /* SearchViewModel.swift */ = {isa = PBXFileReference; lastKnownFileType = sourcecode.swift; path = SearchViewModel.swift; sourceTree = "<group>"; };
		A4E9DDA02B562169008DA0EA /* SearchBar.swift */ = {isa = PBXFileReference; lastKnownFileType = sourcecode.swift; path = SearchBar.swift; sourceTree = "<group>"; };
/* End PBXFileReference section */

/* Begin PBXFrameworksBuildPhase section */
		A44C0A9B2B2D3A3E009FA39F /* Frameworks */ = {
			isa = PBXFrameworksBuildPhase;
			buildActionMask = 2147483647;
			files = (
			);
			runOnlyForDeploymentPostprocessing = 0;
		};
		A44C0AAB2B2D3A42009FA39F /* Frameworks */ = {
			isa = PBXFrameworksBuildPhase;
			buildActionMask = 2147483647;
			files = (
			);
			runOnlyForDeploymentPostprocessing = 0;
		};
		A44C0AB52B2D3A42009FA39F /* Frameworks */ = {
			isa = PBXFrameworksBuildPhase;
			buildActionMask = 2147483647;
			files = (
			);
			runOnlyForDeploymentPostprocessing = 0;
		};
/* End PBXFrameworksBuildPhase section */

/* Begin PBXGroup section */
		A44C0A952B2D3A3E009FA39F = {
			isa = PBXGroup;
			children = (
				A44C0AA02B2D3A3E009FA39F /* SwiftUIPra */,
				A44C0AB12B2D3A42009FA39F /* SwiftUIPraTests */,
				A44C0ABB2B2D3A42009FA39F /* SwiftUIPraUITests */,
				A44C0A9F2B2D3A3E009FA39F /* Products */,
			);
			sourceTree = "<group>";
		};
		A44C0A9F2B2D3A3E009FA39F /* Products */ = {
			isa = PBXGroup;
			children = (
				A44C0A9E2B2D3A3E009FA39F /* SwiftUIPra.app */,
				A44C0AAE2B2D3A42009FA39F /* SwiftUIPraTests.xctest */,
				A44C0AB82B2D3A42009FA39F /* SwiftUIPraUITests.xctest */,
			);
			name = Products;
			sourceTree = "<group>";
		};
		A44C0AA02B2D3A3E009FA39F /* SwiftUIPra */ = {
			isa = PBXGroup;
			children = (
				A4CE7B282B2F1BA400C4BB18 /* Info.plist */,
				A44C0AA12B2D3A3E009FA39F /* SwiftUIPraApp.swift */,
				A44C0AA32B2D3A3E009FA39F /* ContentView.swift */,
				A4E9DD992B54C804008DA0EA /* LoadingViewModifier.swift */,
				A4E9DDA02B562169008DA0EA /* SearchBar.swift */,
				A4E9DD9D2B54C8ED008DA0EA /* Extensions */,
				A44C0AA52B2D3A41009FA39F /* Assets.xcassets */,
				A44C0AA72B2D3A41009FA39F /* Preview Content */,
				A44C0ACB2B2D9314009FA39F /* SearchView.swift */,
				A4E9DD9E2B54CC5F008DA0EA /* SearchViewModel.swift */,
			);
			path = SwiftUIPra;
			sourceTree = "<group>";
		};
		A44C0AA72B2D3A41009FA39F /* Preview Content */ = {
			isa = PBXGroup;
			children = (
				A44C0AA82B2D3A41009FA39F /* Preview Assets.xcassets */,
			);
			path = "Preview Content";
			sourceTree = "<group>";
		};
		A44C0AB12B2D3A42009FA39F /* SwiftUIPraTests */ = {
			isa = PBXGroup;
			children = (
				A44C0AB22B2D3A42009FA39F /* SwiftUIPraTests.swift */,
			);
			path = SwiftUIPraTests;
			sourceTree = "<group>";
		};
		A44C0ABB2B2D3A42009FA39F /* SwiftUIPraUITests */ = {
			isa = PBXGroup;
			children = (
				A44C0ABC2B2D3A42009FA39F /* SwiftUIPraUITests.swift */,
				A44C0ABE2B2D3A42009FA39F /* SwiftUIPraUITestsLaunchTests.swift */,
			);
			path = SwiftUIPraUITests;
			sourceTree = "<group>";
		};
		A4E9DD9D2B54C8ED008DA0EA /* Extensions */ = {
			isa = PBXGroup;
			children = (
				A4E9DD9B2B54C8C3008DA0EA /* View+.swift */,
			);
			path = Extensions;
			sourceTree = "<group>";
		};
/* End PBXGroup section */

/* Begin PBXNativeTarget section */
		A44C0A9D2B2D3A3E009FA39F /* SwiftUIPra */ = {
			isa = PBXNativeTarget;
			buildConfigurationList = A44C0AC22B2D3A42009FA39F /* Build configuration list for PBXNativeTarget "SwiftUIPra" */;
			buildPhases = (
				A44C0A9A2B2D3A3E009FA39F /* Sources */,
				A44C0A9B2B2D3A3E009FA39F /* Frameworks */,
				A44C0A9C2B2D3A3E009FA39F /* Resources */,
			);
			buildRules = (
			);
			dependencies = (
			);
			name = SwiftUIPra;
			productName = SwiftUIPra;
			productReference = A44C0A9E2B2D3A3E009FA39F /* SwiftUIPra.app */;
			productType = "com.apple.product-type.application";
		};
		A44C0AAD2B2D3A42009FA39F /* SwiftUIPraTests */ = {
			isa = PBXNativeTarget;
			buildConfigurationList = A44C0AC52B2D3A42009FA39F /* Build configuration list for PBXNativeTarget "SwiftUIPraTests" */;
			buildPhases = (
				A44C0AAA2B2D3A42009FA39F /* Sources */,
				A44C0AAB2B2D3A42009FA39F /* Frameworks */,
				A44C0AAC2B2D3A42009FA39F /* Resources */,
			);
			buildRules = (
			);
			dependencies = (
				A44C0AB02B2D3A42009FA39F /* PBXTargetDependency */,
			);
			name = SwiftUIPraTests;
			productName = SwiftUIPraTests;
			productReference = A44C0AAE2B2D3A42009FA39F /* SwiftUIPraTests.xctest */;
			productType = "com.apple.product-type.bundle.unit-test";
		};
		A44C0AB72B2D3A42009FA39F /* SwiftUIPraUITests */ = {
			isa = PBXNativeTarget;
			buildConfigurationList = A44C0AC82B2D3A42009FA39F /* Build configuration list for PBXNativeTarget "SwiftUIPraUITests" */;
			buildPhases = (
				A44C0AB42B2D3A42009FA39F /* Sources */,
				A44C0AB52B2D3A42009FA39F /* Frameworks */,
				A44C0AB62B2D3A42009FA39F /* Resources */,
			);
			buildRules = (
			);
			dependencies = (
				A44C0ABA2B2D3A42009FA39F /* PBXTargetDependency */,
			);
			name = SwiftUIPraUITests;
			productName = SwiftUIPraUITests;
			productReference = A44C0AB82B2D3A42009FA39F /* SwiftUIPraUITests.xctest */;
			productType = "com.apple.product-type.bundle.ui-testing";
		};
/* End PBXNativeTarget section */

/* Begin PBXProject section */
		A44C0A962B2D3A3E009FA39F /* Project object */ = {
			isa = PBXProject;
			attributes = {
				BuildIndependentTargetsInParallel = 1;
				LastSwiftUpdateCheck = 1340;
				LastUpgradeCheck = 1500;
				TargetAttributes = {
					A44C0A9D2B2D3A3E009FA39F = {
						CreatedOnToolsVersion = 13.4.1;
					};
					A44C0AAD2B2D3A42009FA39F = {
						CreatedOnToolsVersion = 13.4.1;
						TestTargetID = A44C0A9D2B2D3A3E009FA39F;
					};
					A44C0AB72B2D3A42009FA39F = {
						CreatedOnToolsVersion = 13.4.1;
						TestTargetID = A44C0A9D2B2D3A3E009FA39F;
					};
				};
			};
			buildConfigurationList = A44C0A992B2D3A3E009FA39F /* Build configuration list for PBXProject "SwiftUIPra" */;
			compatibilityVersion = "Xcode 13.0";
			developmentRegion = en;
			hasScannedForEncodings = 0;
			knownRegions = (
				en,
				Base,
			);
			mainGroup = A44C0A952B2D3A3E009FA39F;
			productRefGroup = A44C0A9F2B2D3A3E009FA39F /* Products */;
			projectDirPath = "";
			projectRoot = "";
			targets = (
				A44C0A9D2B2D3A3E009FA39F /* SwiftUIPra */,
				A44C0AAD2B2D3A42009FA39F /* SwiftUIPraTests */,
				A44C0AB72B2D3A42009FA39F /* SwiftUIPraUITests */,
			);
		};
/* End PBXProject section */

/* Begin PBXResourcesBuildPhase section */
		A44C0A9C2B2D3A3E009FA39F /* Resources */ = {
			isa = PBXResourcesBuildPhase;
			buildActionMask = 2147483647;
			files = (
				A44C0AA92B2D3A41009FA39F /* Preview Assets.xcassets in Resources */,
				A44C0AA62B2D3A41009FA39F /* Assets.xcassets in Resources */,
			);
			runOnlyForDeploymentPostprocessing = 0;
		};
		A44C0AAC2B2D3A42009FA39F /* Resources */ = {
			isa = PBXResourcesBuildPhase;
			buildActionMask = 2147483647;
			files = (
			);
			runOnlyForDeploymentPostprocessing = 0;
		};
		A44C0AB62B2D3A42009FA39F /* Resources */ = {
			isa = PBXResourcesBuildPhase;
			buildActionMask = 2147483647;
			files = (
			);
			runOnlyForDeploymentPostprocessing = 0;
		};
/* End PBXResourcesBuildPhase section */

/* Begin PBXSourcesBuildPhase section */
		A44C0A9A2B2D3A3E009FA39F /* Sources */ = {
			isa = PBXSourcesBuildPhase;
			buildActionMask = 2147483647;
			files = (
				A4E9DDA12B562169008DA0EA /* SearchBar.swift in Sources */,
				A4E9DD9F2B54CC5F008DA0EA /* SearchViewModel.swift in Sources */,
				A44C0ACC2B2D9314009FA39F /* SearchView.swift in Sources */,
				A4E9DD9A2B54C804008DA0EA /* LoadingViewModifier.swift in Sources */,
				A44C0AA42B2D3A3E009FA39F /* ContentView.swift in Sources */,
				A4E9DD9C2B54C8C3008DA0EA /* View+.swift in Sources */,
				A44C0AA22B2D3A3E009FA39F /* SwiftUIPraApp.swift in Sources */,
			);
			runOnlyForDeploymentPostprocessing = 0;
		};
		A44C0AAA2B2D3A42009FA39F /* Sources */ = {
			isa = PBXSourcesBuildPhase;
			buildActionMask = 2147483647;
			files = (
				A44C0AB32B2D3A42009FA39F /* SwiftUIPraTests.swift in Sources */,
			);
			runOnlyForDeploymentPostprocessing = 0;
		};
		A44C0AB42B2D3A42009FA39F /* Sources */ = {
			isa = PBXSourcesBuildPhase;
			buildActionMask = 2147483647;
			files = (
				A44C0ABF2B2D3A42009FA39F /* SwiftUIPraUITestsLaunchTests.swift in Sources */,
				A44C0ABD2B2D3A42009FA39F /* SwiftUIPraUITests.swift in Sources */,
			);
			runOnlyForDeploymentPostprocessing = 0;
		};
/* End PBXSourcesBuildPhase section */

/* Begin PBXTargetDependency section */
		A44C0AB02B2D3A42009FA39F /* PBXTargetDependency */ = {
			isa = PBXTargetDependency;
			target = A44C0A9D2B2D3A3E009FA39F /* SwiftUIPra */;
			targetProxy = A44C0AAF2B2D3A42009FA39F /* PBXContainerItemProxy */;
		};
		A44C0ABA2B2D3A42009FA39F /* PBXTargetDependency */ = {
			isa = PBXTargetDependency;
			target = A44C0A9D2B2D3A3E009FA39F /* SwiftUIPra */;
			targetProxy = A44C0AB92B2D3A42009FA39F /* PBXContainerItemProxy */;
		};
/* End PBXTargetDependency section */

/* Begin XCBuildConfiguration section */
		A44C0AC02B2D3A42009FA39F /* Debug */ = {
			isa = XCBuildConfiguration;
			buildSettings = {
				ALWAYS_SEARCH_USER_PATHS = NO;
				CLANG_ANALYZER_NONNULL = YES;
				CLANG_ANALYZER_NUMBER_OBJECT_CONVERSION = YES_AGGRESSIVE;
				CLANG_CXX_LANGUAGE_STANDARD = "gnu++17";
				CLANG_ENABLE_MODULES = YES;
				CLANG_ENABLE_OBJC_ARC = YES;
				CLANG_ENABLE_OBJC_WEAK = YES;
				CLANG_WARN_BLOCK_CAPTURE_AUTORELEASING = YES;
				CLANG_WARN_BOOL_CONVERSION = YES;
				CLANG_WARN_COMMA = YES;
				CLANG_WARN_CONSTANT_CONVERSION = YES;
				CLANG_WARN_DEPRECATED_OBJC_IMPLEMENTATIONS = YES;
				CLANG_WARN_DIRECT_OBJC_ISA_USAGE = YES_ERROR;
				CLANG_WARN_DOCUMENTATION_COMMENTS = YES;
				CLANG_WARN_EMPTY_BODY = YES;
				CLANG_WARN_ENUM_CONVERSION = YES;
				CLANG_WARN_INFINITE_RECURSION = YES;
				CLANG_WARN_INT_CONVERSION = YES;
				CLANG_WARN_NON_LITERAL_NULL_CONVERSION = YES;
				CLANG_WARN_OBJC_IMPLICIT_RETAIN_SELF = YES;
				CLANG_WARN_OBJC_LITERAL_CONVERSION = YES;
				CLANG_WARN_OBJC_ROOT_CLASS = YES_ERROR;
				CLANG_WARN_QUOTED_INCLUDE_IN_FRAMEWORK_HEADER = YES;
				CLANG_WARN_RANGE_LOOP_ANALYSIS = YES;
				CLANG_WARN_STRICT_PROTOTYPES = YES;
				CLANG_WARN_SUSPICIOUS_MOVE = YES;
				CLANG_WARN_UNGUARDED_AVAILABILITY = YES_AGGRESSIVE;
				CLANG_WARN_UNREACHABLE_CODE = YES;
				CLANG_WARN__DUPLICATE_METHOD_MATCH = YES;
				COPY_PHASE_STRIP = NO;
				DEBUG_INFORMATION_FORMAT = dwarf;
				ENABLE_STRICT_OBJC_MSGSEND = YES;
				ENABLE_TESTABILITY = YES;
				ENABLE_USER_SCRIPT_SANDBOXING = YES;
				GCC_C_LANGUAGE_STANDARD = gnu11;
				GCC_DYNAMIC_NO_PIC = NO;
				GCC_NO_COMMON_BLOCKS = YES;
				GCC_OPTIMIZATION_LEVEL = 0;
				GCC_PREPROCESSOR_DEFINITIONS = (
					"DEBUG=1",
					"$(inherited)",
				);
				GCC_WARN_64_TO_32_BIT_CONVERSION = YES;
				GCC_WARN_ABOUT_RETURN_TYPE = YES_ERROR;
				GCC_WARN_UNDECLARED_SELECTOR = YES;
				GCC_WARN_UNINITIALIZED_AUTOS = YES_AGGRESSIVE;
				GCC_WARN_UNUSED_FUNCTION = YES;
				GCC_WARN_UNUSED_VARIABLE = YES;
				IPHONEOS_DEPLOYMENT_TARGET = 16.0;
				MTL_ENABLE_DEBUG_INFO = INCLUDE_SOURCE;
				MTL_FAST_MATH = YES;
				ONLY_ACTIVE_ARCH = YES;
				SDKROOT = iphoneos;
				SWIFT_ACTIVE_COMPILATION_CONDITIONS = DEBUG;
				SWIFT_OPTIMIZATION_LEVEL = "-Onone";
			};
			name = Debug;
		};
		A44C0AC12B2D3A42009FA39F /* Release */ = {
			isa = XCBuildConfiguration;
			buildSettings = {
				ALWAYS_SEARCH_USER_PATHS = NO;
				CLANG_ANALYZER_NONNULL = YES;
				CLANG_ANALYZER_NUMBER_OBJECT_CONVERSION = YES_AGGRESSIVE;
				CLANG_CXX_LANGUAGE_STANDARD = "gnu++17";
				CLANG_ENABLE_MODULES = YES;
				CLANG_ENABLE_OBJC_ARC = YES;
				CLANG_ENABLE_OBJC_WEAK = YES;
				CLANG_WARN_BLOCK_CAPTURE_AUTORELEASING = YES;
				CLANG_WARN_BOOL_CONVERSION = YES;
				CLANG_WARN_COMMA = YES;
				CLANG_WARN_CONSTANT_CONVERSION = YES;
				CLANG_WARN_DEPRECATED_OBJC_IMPLEMENTATIONS = YES;
				CLANG_WARN_DIRECT_OBJC_ISA_USAGE = YES_ERROR;
				CLANG_WARN_DOCUMENTATION_COMMENTS = YES;
				CLANG_WARN_EMPTY_BODY = YES;
				CLANG_WARN_ENUM_CONVERSION = YES;
				CLANG_WARN_INFINITE_RECURSION = YES;
				CLANG_WARN_INT_CONVERSION = YES;
				CLANG_WARN_NON_LITERAL_NULL_CONVERSION = YES;
				CLANG_WARN_OBJC_IMPLICIT_RETAIN_SELF = YES;
				CLANG_WARN_OBJC_LITERAL_CONVERSION = YES;
				CLANG_WARN_OBJC_ROOT_CLASS = YES_ERROR;
				CLANG_WARN_QUOTED_INCLUDE_IN_FRAMEWORK_HEADER = YES;
				CLANG_WARN_RANGE_LOOP_ANALYSIS = YES;
				CLANG_WARN_STRICT_PROTOTYPES = YES;
				CLANG_WARN_SUSPICIOUS_MOVE = YES;
				CLANG_WARN_UNGUARDED_AVAILABILITY = YES_AGGRESSIVE;
				CLANG_WARN_UNREACHABLE_CODE = YES;
				CLANG_WARN__DUPLICATE_METHOD_MATCH = YES;
				COPY_PHASE_STRIP = NO;
				DEBUG_INFORMATION_FORMAT = "dwarf-with-dsym";
				ENABLE_NS_ASSERTIONS = NO;
				ENABLE_STRICT_OBJC_MSGSEND = YES;
				ENABLE_USER_SCRIPT_SANDBOXING = YES;
				GCC_C_LANGUAGE_STANDARD = gnu11;
				GCC_NO_COMMON_BLOCKS = YES;
				GCC_WARN_64_TO_32_BIT_CONVERSION = YES;
				GCC_WARN_ABOUT_RETURN_TYPE = YES_ERROR;
				GCC_WARN_UNDECLARED_SELECTOR = YES;
				GCC_WARN_UNINITIALIZED_AUTOS = YES_AGGRESSIVE;
				GCC_WARN_UNUSED_FUNCTION = YES;
				GCC_WARN_UNUSED_VARIABLE = YES;
				IPHONEOS_DEPLOYMENT_TARGET = 16.0;
				MTL_ENABLE_DEBUG_INFO = NO;
				MTL_FAST_MATH = YES;
				SDKROOT = iphoneos;
				SWIFT_COMPILATION_MODE = wholemodule;
				SWIFT_OPTIMIZATION_LEVEL = "-O";
				VALIDATE_PRODUCT = YES;
			};
			name = Release;
		};
		A44C0AC32B2D3A42009FA39F /* Debug */ = {
			isa = XCBuildConfiguration;
			buildSettings = {
				ASSETCATALOG_COMPILER_APPICON_NAME = AppIcon;
				ASSETCATALOG_COMPILER_GLOBAL_ACCENT_COLOR_NAME = AccentColor;
				CODE_SIGN_STYLE = Automatic;
				CURRENT_PROJECT_VERSION = 1;
				DEVELOPMENT_ASSET_PATHS = "\"SwiftUIPra/Preview Content\"";
				DEVELOPMENT_TEAM = 8HSC6WJMH6;
				ENABLE_PREVIEWS = YES;
				GENERATE_INFOPLIST_FILE = YES;
				INFOPLIST_FILE = SwiftUIPra/Info.plist;
				INFOPLIST_KEY_UIApplicationSceneManifest_Generation = YES;
				INFOPLIST_KEY_UIApplicationSupportsIndirectInputEvents = YES;
				INFOPLIST_KEY_UILaunchScreen_Generation = YES;
				INFOPLIST_KEY_UISupportedInterfaceOrientations_iPad = "UIInterfaceOrientationPortrait UIInterfaceOrientationPortraitUpsideDown UIInterfaceOrientationLandscapeLeft UIInterfaceOrientationLandscapeRight";
				INFOPLIST_KEY_UISupportedInterfaceOrientations_iPhone = "UIInterfaceOrientationPortrait UIInterfaceOrientationLandscapeLeft UIInterfaceOrientationLandscapeRight";
				IPHONEOS_DEPLOYMENT_TARGET = 16.0;
				LD_RUNPATH_SEARCH_PATHS = (
					"$(inherited)",
					"@executable_path/Frameworks",
				);
				MARKETING_VERSION = 1.0;
				PRODUCT_BUNDLE_IDENTIFIER = jp.techacademy.kazuma.miura2.SwiftUIPra;
				PRODUCT_NAME = "$(TARGET_NAME)";
				SWIFT_EMIT_LOC_STRINGS = YES;
				SWIFT_VERSION = 5.0;
				TARGETED_DEVICE_FAMILY = "1,2";
			};
			name = Debug;
		};
		A44C0AC42B2D3A42009FA39F /* Release */ = {
			isa = XCBuildConfiguration;
			buildSettings = {
				ASSETCATALOG_COMPILER_APPICON_NAME = AppIcon;
				ASSETCATALOG_COMPILER_GLOBAL_ACCENT_COLOR_NAME = AccentColor;
				CODE_SIGN_STYLE = Automatic;
				CURRENT_PROJECT_VERSION = 1;
				DEVELOPMENT_ASSET_PATHS = "\"SwiftUIPra/Preview Content\"";
				DEVELOPMENT_TEAM = 8HSC6WJMH6;
				ENABLE_PREVIEWS = YES;
				GENERATE_INFOPLIST_FILE = YES;
				INFOPLIST_FILE = SwiftUIPra/Info.plist;
				INFOPLIST_KEY_UIApplicationSceneManifest_Generation = YES;
				INFOPLIST_KEY_UIApplicationSupportsIndirectInputEvents = YES;
				INFOPLIST_KEY_UILaunchScreen_Generation = YES;
				INFOPLIST_KEY_UISupportedInterfaceOrientations_iPad = "UIInterfaceOrientationPortrait UIInterfaceOrientationPortraitUpsideDown UIInterfaceOrientationLandscapeLeft UIInterfaceOrientationLandscapeRight";
				INFOPLIST_KEY_UISupportedInterfaceOrientations_iPhone = "UIInterfaceOrientationPortrait UIInterfaceOrientationLandscapeLeft UIInterfaceOrientationLandscapeRight";
				IPHONEOS_DEPLOYMENT_TARGET = 16.0;
				LD_RUNPATH_SEARCH_PATHS = (
					"$(inherited)",
					"@executable_path/Frameworks",
				);
				MARKETING_VERSION = 1.0;
				PRODUCT_BUNDLE_IDENTIFIER = jp.techacademy.kazuma.miura2.SwiftUIPra;
				PRODUCT_NAME = "$(TARGET_NAME)";
				SWIFT_EMIT_LOC_STRINGS = YES;
				SWIFT_VERSION = 5.0;
				TARGETED_DEVICE_FAMILY = "1,2";
			};
			name = Release;
		};
		A44C0AC62B2D3A42009FA39F /* Debug */ = {
			isa = XCBuildConfiguration;
			buildSettings = {
				ALWAYS_EMBED_SWIFT_STANDARD_LIBRARIES = YES;
				BUNDLE_LOADER = "$(TEST_HOST)";
				CODE_SIGN_STYLE = Automatic;
				CURRENT_PROJECT_VERSION = 1;
				DEVELOPMENT_TEAM = 8HSC6WJMH6;
				GENERATE_INFOPLIST_FILE = YES;
				IPHONEOS_DEPLOYMENT_TARGET = 15.5;
				MARKETING_VERSION = 1.0;
				PRODUCT_BUNDLE_IDENTIFIER = jp.techacademy.kazuma.miura2.SwiftUIPraTests;
				PRODUCT_NAME = "$(TARGET_NAME)";
				SWIFT_EMIT_LOC_STRINGS = NO;
				SWIFT_VERSION = 5.0;
				TARGETED_DEVICE_FAMILY = "1,2";
				TEST_HOST = "$(BUILT_PRODUCTS_DIR)/SwiftUIPra.app/SwiftUIPra";
			};
			name = Debug;
		};
		A44C0AC72B2D3A42009FA39F /* Release */ = {
			isa = XCBuildConfiguration;
			buildSettings = {
				ALWAYS_EMBED_SWIFT_STANDARD_LIBRARIES = YES;
				BUNDLE_LOADER = "$(TEST_HOST)";
				CODE_SIGN_STYLE = Automatic;
				CURRENT_PROJECT_VERSION = 1;
				DEVELOPMENT_TEAM = 8HSC6WJMH6;
				GENERATE_INFOPLIST_FILE = YES;
				IPHONEOS_DEPLOYMENT_TARGET = 15.5;
				MARKETING_VERSION = 1.0;
				PRODUCT_BUNDLE_IDENTIFIER = jp.techacademy.kazuma.miura2.SwiftUIPraTests;
				PRODUCT_NAME = "$(TARGET_NAME)";
				SWIFT_EMIT_LOC_STRINGS = NO;
				SWIFT_VERSION = 5.0;
				TARGETED_DEVICE_FAMILY = "1,2";
				TEST_HOST = "$(BUILT_PRODUCTS_DIR)/SwiftUIPra.app/SwiftUIPra";
			};
			name = Release;
		};
		A44C0AC92B2D3A42009FA39F /* Debug */ = {
			isa = XCBuildConfiguration;
			buildSettings = {
				ALWAYS_EMBED_SWIFT_STANDARD_LIBRARIES = YES;
				CODE_SIGN_STYLE = Automatic;
				CURRENT_PROJECT_VERSION = 1;
				DEVELOPMENT_TEAM = 8HSC6WJMH6;
				GENERATE_INFOPLIST_FILE = YES;
				MARKETING_VERSION = 1.0;
				PRODUCT_BUNDLE_IDENTIFIER = jp.techacademy.kazuma.miura2.SwiftUIPraUITests;
				PRODUCT_NAME = "$(TARGET_NAME)";
				SWIFT_EMIT_LOC_STRINGS = NO;
				SWIFT_VERSION = 5.0;
				TARGETED_DEVICE_FAMILY = "1,2";
				TEST_TARGET_NAME = SwiftUIPra;
			};
			name = Debug;
		};
		A44C0ACA2B2D3A42009FA39F /* Release */ = {
			isa = XCBuildConfiguration;
			buildSettings = {
				ALWAYS_EMBED_SWIFT_STANDARD_LIBRARIES = YES;
				CODE_SIGN_STYLE = Automatic;
				CURRENT_PROJECT_VERSION = 1;
				DEVELOPMENT_TEAM = 8HSC6WJMH6;
				GENERATE_INFOPLIST_FILE = YES;
				MARKETING_VERSION = 1.0;
				PRODUCT_BUNDLE_IDENTIFIER = jp.techacademy.kazuma.miura2.SwiftUIPraUITests;
				PRODUCT_NAME = "$(TARGET_NAME)";
				SWIFT_EMIT_LOC_STRINGS = NO;
				SWIFT_VERSION = 5.0;
				TARGETED_DEVICE_FAMILY = "1,2";
				TEST_TARGET_NAME = SwiftUIPra;
			};
			name = Release;
		};
/* End XCBuildConfiguration section */

/* Begin XCConfigurationList section */
		A44C0A992B2D3A3E009FA39F /* Build configuration list for PBXProject "SwiftUIPra" */ = {
			isa = XCConfigurationList;
			buildConfigurations = (
				A44C0AC02B2D3A42009FA39F /* Debug */,
				A44C0AC12B2D3A42009FA39F /* Release */,
			);
			defaultConfigurationIsVisible = 0;
			defaultConfigurationName = Release;
		};
		A44C0AC22B2D3A42009FA39F /* Build configuration list for PBXNativeTarget "SwiftUIPra" */ = {
			isa = XCConfigurationList;
			buildConfigurations = (
				A44C0AC32B2D3A42009FA39F /* Debug */,
				A44C0AC42B2D3A42009FA39F /* Release */,
			);
			defaultConfigurationIsVisible = 0;
			defaultConfigurationName = Release;
		};
		A44C0AC52B2D3A42009FA39F /* Build configuration list for PBXNativeTarget "SwiftUIPraTests" */ = {
			isa = XCConfigurationList;
			buildConfigurations = (
				A44C0AC62B2D3A42009FA39F /* Debug */,
				A44C0AC72B2D3A42009FA39F /* Release */,
			);
			defaultConfigurationIsVisible = 0;
			defaultConfigurationName = Release;
		};
		A44C0AC82B2D3A42009FA39F /* Build configuration list for PBXNativeTarget "SwiftUIPraUITests" */ = {
			isa = XCConfigurationList;
			buildConfigurations = (
				A44C0AC92B2D3A42009FA39F /* Debug */,
				A44C0ACA2B2D3A42009FA39F /* Release */,
			);
			defaultConfigurationIsVisible = 0;
			defaultConfigurationName = Release;
		};
/* End XCConfigurationList section */
	};
	rootObject = A44C0A962B2D3A3E009FA39F /* Project object */;
}
